# This file was autogenerated by Stack.
# You should not edit this file by hand.
# For more information, please see the documentation at:
#   https://docs.haskellstack.org/en/stable/lock_files

packages:
- completed:
    hackage: imp-1.0.2.1@sha256:b2849583bdf3ccb088c196cdbeeff1ebd9777f398d56a7c6fdc2fc6687f5f14c,2268
    pantry-tree:
      sha256: 0eb16d478abd91e9e2fbbd13bc2f7aadc6c7114af263c124ee384508bfaa70e0
      size: 2396
  original:
    hackage: imp-1.0.2.1@sha256:b2849583bdf3ccb088c196cdbeeff1ebd9777f398d56a7c6fdc2fc6687f5f14c,2268
snapshots:
- completed:
    sha256: c6274f9587d6bf40b6aaa7d1092684c37a2d8bb1e0df999ae0e2b755db15682d
    size: 720026
    url: https://raw.githubusercontent.com/commercialhaskell/stackage-snapshots/master/lts/22/37.yaml
  original:
    url: https://raw.githubusercontent.com/commercialhaskell/stackage-snapshots/master/lts/22/37.yaml
